
Microsoft Visual Studio Solution File, Format Version 12.00
# Visual Studio Version 17
VisualStudioVersion = 17.14.36109.1 d17.14
MinimumVisualStudioVersion = 10.0.40219.1
Project("{FAE04EC0-301F-11D3-BF4B-00C04F79EFBC}") = "wpf-hrms", "wpf-hrms\wpf-hrms.csproj", "{EBA57E0C-CE50-4481-982E-3493B1A2656A}"
EndProject
Global
	GlobalSection(SolutionConfigurationPlatforms) = preSolution
		Debug|Any CPU = Debug|Any CPU
		Release|Any CPU = Release|Any CPU
	EndGlobalSection
	GlobalSection(ProjectConfigurationPlatforms) = postSolution
		{EBA57E0C-CE50-4481-982E-3493B1A2656A}.Debug|Any CPU.ActiveCfg = Debug|Any CPU
		{EBA57E0C-CE50-4481-982E-3493B1A2656A}.Debug|Any CPU.Build.0 = Debug|Any CPU
		{EBA57E0C-CE50-4481-982E-3493B1A2656A}.Release|Any CPU.ActiveCfg = Release|Any CPU
		{EBA57E0C-CE50-4481-982E-3493B1A2656A}.Release|Any CPU.Build.0 = Release|Any CPU
	EndGlobalSection
	GlobalSection(SolutionProperties) = preSolution
		HideSolutionNode = FALSE
	EndGlobalSection
	GlobalSection(ExtensibilityGlobals) = postSolution
		SolutionGuid = {098121FB-D1FC-450B-BBC1-0CA147F48D7E}
	EndGlobalSection
EndGlobal
